
Microsoft Visual Studio Solution File, Format Version 12.00
# Visual Studio Version 16
VisualStudioVersion = 16.0.28922.388
MinimumVisualStudioVersion = 10.0.40219.1
Project("{FAE04EC0-301F-11D3-BF4B-00C04F79EFBC}") = "Server", "Server\Server.csproj", "{F10397BC-AFCC-4899-885A-E29881F4422A}"
EndProject
Project("{FAE04EC0-301F-11D3-BF4B-00C04F79EFBC}") = "Client", "Client\Client.csproj", "{952395C8-F845-43C1-9727-2DB996F863E4}"
EndProject
Global
	GlobalSection(SolutionConfigurationPlatforms) = preSolution
		Debug|Any CPU = Debug|Any CPU
		Release|Any CPU = Release|Any CPU
	EndGlobalSection
	GlobalSection(ProjectConfigurationPlatforms) = postSolution
		{F10397BC-AFCC-4899-885A-E29881F4422A}.Debug|Any CPU.ActiveCfg = Debug|Any CPU
		{F10397BC-AFCC-4899-885A-E29881F4422A}.Debug|Any CPU.Build.0 = Debug|Any CPU
		{F10397BC-AFCC-4899-885A-E29881F4422A}.Release|Any CPU.ActiveCfg = Release|Any CPU
		{F10397BC-AFCC-4899-885A-E29881F4422A}.Release|Any CPU.Build.0 = Release|Any CPU
		{952395C8-F845-43C1-9727-2DB996F863E4}.Debug|Any CPU.ActiveCfg = Debug|Any CPU
		{952395C8-F845-43C1-9727-2DB996F863E4}.Debug|Any CPU.Build.0 = Debug|Any CPU
		{952395C8-F845-43C1-9727-2DB996F863E4}.Release|Any CPU.ActiveCfg = Release|Any CPU
		{952395C8-F845-43C1-9727-2DB996F863E4}.Release|Any CPU.Build.0 = Release|Any CPU
	EndGlobalSection
	GlobalSection(SolutionProperties) = preSolution
		HideSolutionNode = FALSE
	EndGlobalSection
	GlobalSection(ExtensibilityGlobals) = postSolution
		SolutionGuid = {0285BA80-8E22-4AC4-9867-C5A9B51E0B86}
	EndGlobalSection
EndGlobal
